
Microsoft Visual Studio Solution File, Format Version 11.00
# Visual Studio 2010
Project("{8BC9CEB8-8B4A-11D0-8D11-00A0C91BC942}") = "WALi", "WALi\WALi.vcxproj", "{BF42778C-A9FD-4B04-8004-D41AAB67B92C}"
EndProject
Project("{8BC9CEB8-8B4A-11D0-8D11-00A0C91BC942}") = "LiveVar", "LiveVar\LiveVar.vcxproj", "{3E796CD8-2656-44DA-831F-C4C3394A50F9}"
EndProject
Project("{8BC9CEB8-8B4A-11D0-8D11-00A0C91BC942}") = "Parse", "Parse\Parse.vcxproj", "{7A421A3D-B595-48F1-9C6C-E29CD16FCAE6}"
EndProject
Project("{8BC9CEB8-8B4A-11D0-8D11-00A0C91BC942}") = "NWA tests", "NWA tests\NWA tests.vcxproj", "{596EF52A-E6BC-4C1A-959E-C3433394514C}"
EndProject
Global
	GlobalSection(SolutionConfigurationPlatforms) = preSolution
		Debug|Win32 = Debug|Win32
		Debug|x64 = Debug|x64
		Release|Win32 = Release|Win32
		Release|x64 = Release|x64
	EndGlobalSection
	GlobalSection(ProjectConfigurationPlatforms) = postSolution
		{BF42778C-A9FD-4B04-8004-D41AAB67B92C}.Debug|Win32.ActiveCfg = Debug|Win32
		{BF42778C-A9FD-4B04-8004-D41AAB67B92C}.Debug|Win32.Build.0 = Debug|Win32
		{BF42778C-A9FD-4B04-8004-D41AAB67B92C}.Debug|x64.ActiveCfg = Debug|x64
		{BF42778C-A9FD-4B04-8004-D41AAB67B92C}.Debug|x64.Build.0 = Debug|x64
		{BF42778C-A9FD-4B04-8004-D41AAB67B92C}.Release|Win32.ActiveCfg = Release|Win32
		{BF42778C-A9FD-4B04-8004-D41AAB67B92C}.Release|Win32.Build.0 = Release|Win32
		{BF42778C-A9FD-4B04-8004-D41AAB67B92C}.Release|x64.ActiveCfg = Release|x64
		{BF42778C-A9FD-4B04-8004-D41AAB67B92C}.Release|x64.Build.0 = Release|x64
		{3E796CD8-2656-44DA-831F-C4C3394A50F9}.Debug|Win32.ActiveCfg = Debug|Win32
		{3E796CD8-2656-44DA-831F-C4C3394A50F9}.Debug|Win32.Build.0 = Debug|Win32
		{3E796CD8-2656-44DA-831F-C4C3394A50F9}.Debug|x64.ActiveCfg = Debug|x64
		{3E796CD8-2656-44DA-831F-C4C3394A50F9}.Debug|x64.Build.0 = Debug|x64
		{3E796CD8-2656-44DA-831F-C4C3394A50F9}.Release|Win32.ActiveCfg = Release|Win32
		{3E796CD8-2656-44DA-831F-C4C3394A50F9}.Release|Win32.Build.0 = Release|Win32
		{3E796CD8-2656-44DA-831F-C4C3394A50F9}.Release|x64.ActiveCfg = Release|x64
		{3E796CD8-2656-44DA-831F-C4C3394A50F9}.Release|x64.Build.0 = Release|x64
		{7A421A3D-B595-48F1-9C6C-E29CD16FCAE6}.Debug|Win32.ActiveCfg = Debug|Win32
		{7A421A3D-B595-48F1-9C6C-E29CD16FCAE6}.Debug|Win32.Build.0 = Debug|Win32
		{7A421A3D-B595-48F1-9C6C-E29CD16FCAE6}.Debug|x64.ActiveCfg = Debug|x64
		{7A421A3D-B595-48F1-9C6C-E29CD16FCAE6}.Debug|x64.Build.0 = Debug|x64
		{7A421A3D-B595-48F1-9C6C-E29CD16FCAE6}.Release|Win32.ActiveCfg = Release|Win32
		{7A421A3D-B595-48F1-9C6C-E29CD16FCAE6}.Release|Win32.Build.0 = Release|Win32
		{7A421A3D-B595-48F1-9C6C-E29CD16FCAE6}.Release|x64.ActiveCfg = Release|x64
		{7A421A3D-B595-48F1-9C6C-E29CD16FCAE6}.Release|x64.Build.0 = Release|x64
		{596EF52A-E6BC-4C1A-959E-C3433394514C}.Debug|Win32.ActiveCfg = Debug|Win32
		{596EF52A-E6BC-4C1A-959E-C3433394514C}.Debug|Win32.Build.0 = Debug|Win32
		{596EF52A-E6BC-4C1A-959E-C3433394514C}.Debug|x64.ActiveCfg = Debug|x64
		{596EF52A-E6BC-4C1A-959E-C3433394514C}.Debug|x64.Build.0 = Debug|x64
		{596EF52A-E6BC-4C1A-959E-C3433394514C}.Release|Win32.ActiveCfg = Release|Win32
		{596EF52A-E6BC-4C1A-959E-C3433394514C}.Release|Win32.Build.0 = Release|Win32
		{596EF52A-E6BC-4C1A-959E-C3433394514C}.Release|x64.ActiveCfg = Release|x64
		{596EF52A-E6BC-4C1A-959E-C3433394514C}.Release|x64.Build.0 = Release|x64
	EndGlobalSection
	GlobalSection(SolutionProperties) = preSolution
		HideSolutionNode = FALSE
	EndGlobalSection
EndGlobal
