
Microsoft Visual Studio Solution File, Format Version 9.00
# Visual C++ Express 2005
Project("{8BC9CEB8-8B4A-11D0-8D11-00A0C91BC942}") = "WALi.static", "WALi.static.NET.vcproj", "{1BCBFF7B-CAA9-4D8D-8B29-A55037D5E62C}"
EndProject
Project("{8BC9CEB8-8B4A-11D0-8D11-00A0C91BC942}") = "Reach-Example", "Examples.vcproj", "{534FAE8C-CEA2-464D-8B1C-58DE65E89B14}"
EndProject
Global
	GlobalSection(SolutionConfigurationPlatforms) = preSolution
		Debug|Win32 = Debug|Win32
		Release|Win32 = Release|Win32
	EndGlobalSection
	GlobalSection(ProjectConfigurationPlatforms) = postSolution
		{1BCBFF7B-CAA9-4D8D-8B29-A55037D5E62C}.Debug|Win32.ActiveCfg = Debug|Win32
		{1BCBFF7B-CAA9-4D8D-8B29-A55037D5E62C}.Debug|Win32.Build.0 = Debug|Win32
		{1BCBFF7B-CAA9-4D8D-8B29-A55037D5E62C}.Release|Win32.ActiveCfg = Release|Win32
		{1BCBFF7B-CAA9-4D8D-8B29-A55037D5E62C}.Release|Win32.Build.0 = Release|Win32
		{534FAE8C-CEA2-464D-8B1C-58DE65E89B14}.Debug|Win32.ActiveCfg = Debug|Win32
		{534FAE8C-CEA2-464D-8B1C-58DE65E89B14}.Debug|Win32.Build.0 = Debug|Win32
		{534FAE8C-CEA2-464D-8B1C-58DE65E89B14}.Release|Win32.ActiveCfg = Release|Win32
		{534FAE8C-CEA2-464D-8B1C-58DE65E89B14}.Release|Win32.Build.0 = Release|Win32
	EndGlobalSection
	GlobalSection(SolutionProperties) = preSolution
		HideSolutionNode = FALSE
	EndGlobalSection
EndGlobal
